
Microsoft Visual Studio Solution File, Format Version 12.00
# Visual Studio Version 17
VisualStudioVersion = 17.1.32210.238
MinimumVisualStudioVersion = 10.0.40219.1
Project("{FAE04EC0-301F-11D3-BF4B-00C04F79EFBC}") = "HotelManagement", "HotelManagement\HotelManagement.csproj", "{739A1E92-F045-4D58-9352-126FDF3F5AF2}"
EndProject
Global
	GlobalSection(SolutionConfigurationPlatforms) = preSolution
		Debug|Any CPU = Debug|Any CPU
		Release|Any CPU = Release|Any CPU
	EndGlobalSection
	GlobalSection(ProjectConfigurationPlatforms) = postSolution
		{739A1E92-F045-4D58-9352-126FDF3F5AF2}.Debug|Any CPU.ActiveCfg = Debug|Any CPU
		{739A1E92-F045-4D58-9352-126FDF3F5AF2}.Debug|Any CPU.Build.0 = Debug|Any CPU
		{739A1E92-F045-4D58-9352-126FDF3F5AF2}.Release|Any CPU.ActiveCfg = Release|Any CPU
		{739A1E92-F045-4D58-9352-126FDF3F5AF2}.Release|Any CPU.Build.0 = Release|Any CPU
	EndGlobalSection
	GlobalSection(SolutionProperties) = preSolution
		HideSolutionNode = FALSE
	EndGlobalSection
	GlobalSection(ExtensibilityGlobals) = postSolution
		SolutionGuid = {CC7380BE-8E34-4660-A8D0-0FDC81BD3365}
	EndGlobalSection
EndGlobal
